
Microsoft Visual Studio Solution File, Format Version 12.00
# Visual Studio 15
VisualStudioVersion = 15.0.28307.168
MinimumVisualStudioVersion = 10.0.40219.1
Project("{FAE04EC0-301F-11D3-BF4B-00C04F79EFBC}") = "Simple RPG Game", "Simple RPG Game\Simple RPG Game.csproj", "{AA42759C-DF7F-4BBA-A82A-FCDF894512F3}"
EndProject
Project("{FAE04EC0-301F-11D3-BF4B-00C04F79EFBC}") = "Engine", "Engine\Engine.csproj", "{80219701-CA68-4DBF-9A18-3F340C61B005}"
EndProject
Global
	GlobalSection(SolutionConfigurationPlatforms) = preSolution
		Debug|Any CPU = Debug|Any CPU
		Release|Any CPU = Release|Any CPU
	EndGlobalSection
	GlobalSection(ProjectConfigurationPlatforms) = postSolution
		{AA42759C-DF7F-4BBA-A82A-FCDF894512F3}.Debug|Any CPU.ActiveCfg = Debug|Any CPU
		{AA42759C-DF7F-4BBA-A82A-FCDF894512F3}.Debug|Any CPU.Build.0 = Debug|Any CPU
		{AA42759C-DF7F-4BBA-A82A-FCDF894512F3}.Release|Any CPU.ActiveCfg = Release|Any CPU
		{AA42759C-DF7F-4BBA-A82A-FCDF894512F3}.Release|Any CPU.Build.0 = Release|Any CPU
		{80219701-CA68-4DBF-9A18-3F340C61B005}.Debug|Any CPU.ActiveCfg = Debug|Any CPU
		{80219701-CA68-4DBF-9A18-3F340C61B005}.Debug|Any CPU.Build.0 = Debug|Any CPU
		{80219701-CA68-4DBF-9A18-3F340C61B005}.Release|Any CPU.ActiveCfg = Release|Any CPU
		{80219701-CA68-4DBF-9A18-3F340C61B005}.Release|Any CPU.Build.0 = Release|Any CPU
	EndGlobalSection
	GlobalSection(SolutionProperties) = preSolution
		HideSolutionNode = FALSE
	EndGlobalSection
	GlobalSection(ExtensibilityGlobals) = postSolution
		SolutionGuid = {94B3795A-CB5E-49B1-BD90-DE5440DAB138}
	EndGlobalSection
EndGlobal
